// !$*UTF8*$!
{
	archiveVersion = 1;
	classes = {
	};
	objectVersion = 50;
	objects = {

/* Begin PBXBuildFile section */
		9605C68E22DD5FA00094294D /* MyConcernCollectionViewCell.swift in Sources */ = {isa = PBXBuildFile; fileRef = 9605C68C22DD5FA00094294D /* MyConcernCollectionViewCell.swift */; };
		9605C68F22DD5FA00094294D /* MyConcernCollectionViewCell.xib in Resources */ = {isa = PBXBuildFile; fileRef = 9605C68D22DD5FA00094294D /* MyConcernCollectionViewCell.xib */; };
		9605C69222DDA39F0094294D /* NoLoginHeaderView.swift in Sources */ = {isa = PBXBuildFile; fileRef = 9605C69122DDA39F0094294D /* NoLoginHeaderView.swift */; };
		9605C69422DDA3AA0094294D /* NoLoginHeaderView.xib in Resources */ = {isa = PBXBuildFile; fileRef = 9605C69322DDA3AA0094294D /* NoLoginHeaderView.xib */; };
		9605C69822DDD4490094294D /* SwiftTheme.swift in Sources */ = {isa = PBXBuildFile; fileRef = 9605C69722DDD4490094294D /* SwiftTheme.swift */; };
		9660809322D825B3000EEB1A /* NetworkTool.swift in Sources */ = {isa = PBXBuildFile; fileRef = 9660809222D825B3000EEB1A /* NetworkTool.swift */; };
		9660809522D82BA4000EEB1A /* MyCellModel.swift in Sources */ = {isa = PBXBuildFile; fileRef = 9660809422D82BA4000EEB1A /* MyCellModel.swift */; };
		968FCDE822D6DFA000B9033C /* HandyJSONTestVC.swift in Sources */ = {isa = PBXBuildFile; fileRef = 968FCDE722D6DFA000B9033C /* HandyJSONTestVC.swift */; };
		96A1EE0C22D5C01E0090A15E /* BaseTabBar.swift in Sources */ = {isa = PBXBuildFile; fileRef = 96A1EE0B22D5C01E0090A15E /* BaseTabBar.swift */; };
		96A1EE4B22D5DB750090A15E /* Description.swift in Sources */ = {isa = PBXBuildFile; fileRef = 96A1EE4A22D5DB750090A15E /* Description.swift */; };
		96A1EE4D22D5DBD40090A15E /* SwiftyJSONTestVC.swift in Sources */ = {isa = PBXBuildFile; fileRef = 96A1EE4C22D5DBD40090A15E /* SwiftyJSONTestVC.swift */; };
		96A1EE5022D5DE1B0090A15E /* UIColor+Extension.swift in Sources */ = {isa = PBXBuildFile; fileRef = 96A1EE4F22D5DE1B0090A15E /* UIColor+Extension.swift */; };
		96E01B7D22D49A2E0050CCAF /* AppDelegate.swift in Sources */ = {isa = PBXBuildFile; fileRef = 96E01B7C22D49A2E0050CCAF /* AppDelegate.swift */; };
		96E01B8222D49A2E0050CCAF /* Main.storyboard in Resources */ = {isa = PBXBuildFile; fileRef = 96E01B8022D49A2E0050CCAF /* Main.storyboard */; };
		96E01B8422D49A2F0050CCAF /* Assets.xcassets in Resources */ = {isa = PBXBuildFile; fileRef = 96E01B8322D49A2F0050CCAF /* Assets.xcassets */; };
		96E01B8722D49A2F0050CCAF /* LaunchScreen.storyboard in Resources */ = {isa = PBXBuildFile; fileRef = 96E01B8522D49A2F0050CCAF /* LaunchScreen.storyboard */; };
		96E01B9122D49F710050CCAF /* MacroDefinition.swift in Sources */ = {isa = PBXBuildFile; fileRef = 96E01B9022D49F710050CCAF /* MacroDefinition.swift */; };
		96E01B9622D4A1D60050CCAF /* HomePageVC.swift in Sources */ = {isa = PBXBuildFile; fileRef = 96E01B9522D4A1D60050CCAF /* HomePageVC.swift */; };
		96E01BAE22D4A3130050CCAF /* WatermelonVideoVC.swift in Sources */ = {isa = PBXBuildFile; fileRef = 96E01BAD22D4A3130050CCAF /* WatermelonVideoVC.swift */; };
		96E01BB022D4A32D0050CCAF /* ShortVideoVC.swift in Sources */ = {isa = PBXBuildFile; fileRef = 96E01BAF22D4A32D0050CCAF /* ShortVideoVC.swift */; };
		96E01BB222D4A3450050CCAF /* MineVC.swift in Sources */ = {isa = PBXBuildFile; fileRef = 96E01BB122D4A3450050CCAF /* MineVC.swift */; };
		96E01BB422D4A3A20050CCAF /* BaseNavigationController.swift in Sources */ = {isa = PBXBuildFile; fileRef = 96E01BB322D4A3A20050CCAF /* BaseNavigationController.swift */; };
		96E01BB622D4A3C00050CCAF /* BaseViewController.swift in Sources */ = {isa = PBXBuildFile; fileRef = 96E01BB522D4A3C00050CCAF /* BaseViewController.swift */; };
		96E01BB822D4A3EC0050CCAF /* BaseTabBarController.swift in Sources */ = {isa = PBXBuildFile; fileRef = 96E01BB722D4A3EC0050CCAF /* BaseTabBarController.swift */; };
		96FC150422DC18CD00A37808 /* MineTableViewCell.swift in Sources */ = {isa = PBXBuildFile; fileRef = 96FC150222DC18CD00A37808 /* MineTableViewCell.swift */; };
		96FC150522DC18CD00A37808 /* MineTableViewCell.xib in Resources */ = {isa = PBXBuildFile; fileRef = 96FC150322DC18CD00A37808 /* MineTableViewCell.xib */; };
		96FC150822DC298F00A37808 /* MineFirstTableViewCell.swift in Sources */ = {isa = PBXBuildFile; fileRef = 96FC150622DC298F00A37808 /* MineFirstTableViewCell.swift */; };
		96FC150922DC298F00A37808 /* MineFirstTableViewCell.xib in Resources */ = {isa = PBXBuildFile; fileRef = 96FC150722DC298F00A37808 /* MineFirstTableViewCell.xib */; };
		96FC150D22DC55A700A37808 /* CellXib+Extension.swift in Sources */ = {isa = PBXBuildFile; fileRef = 96FC150C22DC55A700A37808 /* CellXib+Extension.swift */; };
		96FC151122DC9FDB00A37808 /* HigherOrderFunctionTestVC.swift in Sources */ = {isa = PBXBuildFile; fileRef = 96FC151022DC9FDB00A37808 /* HigherOrderFunctionTestVC.swift */; };
		EDA8E94D09E1C87C0A7935A5 /* Pods_TodayNews.framework in Frameworks */ = {isa = PBXBuildFile; fileRef = 68DAD283770FCE5D687CDF6F /* Pods_TodayNews.framework */; };
/* End PBXBuildFile section */

/* Begin PBXFileReference section */
		68DAD283770FCE5D687CDF6F /* Pods_TodayNews.framework */ = {isa = PBXFileReference; explicitFileType = wrapper.framework; includeInIndex = 0; path = Pods_TodayNews.framework; sourceTree = BUILT_PRODUCTS_DIR; };
		9605C68C22DD5FA00094294D /* MyConcernCollectionViewCell.swift */ = {isa = PBXFileReference; lastKnownFileType = sourcecode.swift; path = MyConcernCollectionViewCell.swift; sourceTree = "<group>"; };
		9605C68D22DD5FA00094294D /* MyConcernCollectionViewCell.xib */ = {isa = PBXFileReference; lastKnownFileType = file.xib; path = MyConcernCollectionViewCell.xib; sourceTree = "<group>"; };
		9605C69122DDA39F0094294D /* NoLoginHeaderView.swift */ = {isa = PBXFileReference; lastKnownFileType = sourcecode.swift; path = NoLoginHeaderView.swift; sourceTree = "<group>"; };
		9605C69322DDA3AA0094294D /* NoLoginHeaderView.xib */ = {isa = PBXFileReference; lastKnownFileType = file.xib; path = NoLoginHeaderView.xib; sourceTree = "<group>"; };
		9605C69722DDD4490094294D /* SwiftTheme.swift */ = {isa = PBXFileReference; lastKnownFileType = sourcecode.swift; path = SwiftTheme.swift; sourceTree = "<group>"; };
		9660809222D825B3000EEB1A /* NetworkTool.swift */ = {isa = PBXFileReference; lastKnownFileType = sourcecode.swift; path = NetworkTool.swift; sourceTree = "<group>"; };
		9660809422D82BA4000EEB1A /* MyCellModel.swift */ = {isa = PBXFileReference; lastKnownFileType = sourcecode.swift; path = MyCellModel.swift; sourceTree = "<group>"; };
		968FCDE722D6DFA000B9033C /* HandyJSONTestVC.swift */ = {isa = PBXFileReference; lastKnownFileType = sourcecode.swift; path = HandyJSONTestVC.swift; sourceTree = "<group>"; };
		96A1EE0B22D5C01E0090A15E /* BaseTabBar.swift */ = {isa = PBXFileReference; lastKnownFileType = sourcecode.swift; path = BaseTabBar.swift; sourceTree = "<group>"; };
		96A1EE4A22D5DB750090A15E /* Description.swift */ = {isa = PBXFileReference; lastKnownFileType = sourcecode.swift; path = Description.swift; sourceTree = "<group>"; };
		96A1EE4C22D5DBD40090A15E /* SwiftyJSONTestVC.swift */ = {isa = PBXFileReference; lastKnownFileType = sourcecode.swift; path = SwiftyJSONTestVC.swift; sourceTree = "<group>"; };
		96A1EE4F22D5DE1B0090A15E /* UIColor+Extension.swift */ = {isa = PBXFileReference; lastKnownFileType = sourcecode.swift; path = "UIColor+Extension.swift"; sourceTree = "<group>"; };
		96E01B7922D49A2E0050CCAF /* TodayNews.app */ = {isa = PBXFileReference; explicitFileType = wrapper.application; includeInIndex = 0; path = TodayNews.app; sourceTree = BUILT_PRODUCTS_DIR; };
		96E01B7C22D49A2E0050CCAF /* AppDelegate.swift */ = {isa = PBXFileReference; lastKnownFileType = sourcecode.swift; path = AppDelegate.swift; sourceTree = "<group>"; };
		96E01B8122D49A2E0050CCAF /* Base */ = {isa = PBXFileReference; lastKnownFileType = file.storyboard; name = Base; path = Base.lproj/Main.storyboard; sourceTree = "<group>"; };
		96E01B8322D49A2F0050CCAF /* Assets.xcassets */ = {isa = PBXFileReference; lastKnownFileType = folder.assetcatalog; path = Assets.xcassets; sourceTree = "<group>"; };
		96E01B8622D49A2F0050CCAF /* Base */ = {isa = PBXFileReference; lastKnownFileType = file.storyboard; name = Base; path = Base.lproj/LaunchScreen.storyboard; sourceTree = "<group>"; };
		96E01B8822D49A2F0050CCAF /* Info.plist */ = {isa = PBXFileReference; lastKnownFileType = text.plist.xml; path = Info.plist; sourceTree = "<group>"; };
		96E01B9022D49F710050CCAF /* MacroDefinition.swift */ = {isa = PBXFileReference; lastKnownFileType = sourcecode.swift; path = MacroDefinition.swift; sourceTree = "<group>"; };
		96E01B9522D4A1D60050CCAF /* HomePageVC.swift */ = {isa = PBXFileReference; lastKnownFileType = sourcecode.swift; path = HomePageVC.swift; sourceTree = "<group>"; };
		96E01BAD22D4A3130050CCAF /* WatermelonVideoVC.swift */ = {isa = PBXFileReference; lastKnownFileType = sourcecode.swift; path = WatermelonVideoVC.swift; sourceTree = "<group>"; };
		96E01BAF22D4A32D0050CCAF /* ShortVideoVC.swift */ = {isa = PBXFileReference; lastKnownFileType = sourcecode.swift; path = ShortVideoVC.swift; sourceTree = "<group>"; };
		96E01BB122D4A3450050CCAF /* MineVC.swift */ = {isa = PBXFileReference; lastKnownFileType = sourcecode.swift; path = MineVC.swift; sourceTree = "<group>"; };
		96E01BB322D4A3A20050CCAF /* BaseNavigationController.swift */ = {isa = PBXFileReference; lastKnownFileType = sourcecode.swift; path = BaseNavigationController.swift; sourceTree = "<group>"; };
		96E01BB522D4A3C00050CCAF /* BaseViewController.swift */ = {isa = PBXFileReference; lastKnownFileType = sourcecode.swift; path = BaseViewController.swift; sourceTree = "<group>"; };
		96E01BB722D4A3EC0050CCAF /* BaseTabBarController.swift */ = {isa = PBXFileReference; lastKnownFileType = sourcecode.swift; path = BaseTabBarController.swift; sourceTree = "<group>"; };
		96FC150222DC18CD00A37808 /* MineTableViewCell.swift */ = {isa = PBXFileReference; lastKnownFileType = sourcecode.swift; path = MineTableViewCell.swift; sourceTree = "<group>"; };
		96FC150322DC18CD00A37808 /* MineTableViewCell.xib */ = {isa = PBXFileReference; lastKnownFileType = file.xib; path = MineTableViewCell.xib; sourceTree = "<group>"; };
		96FC150622DC298F00A37808 /* MineFirstTableViewCell.swift */ = {isa = PBXFileReference; lastKnownFileType = sourcecode.swift; path = MineFirstTableViewCell.swift; sourceTree = "<group>"; };
		96FC150722DC298F00A37808 /* MineFirstTableViewCell.xib */ = {isa = PBXFileReference; lastKnownFileType = file.xib; path = MineFirstTableViewCell.xib; sourceTree = "<group>"; };
		96FC150C22DC55A700A37808 /* CellXib+Extension.swift */ = {isa = PBXFileReference; lastKnownFileType = sourcecode.swift; path = "CellXib+Extension.swift"; sourceTree = "<group>"; };
		96FC151022DC9FDB00A37808 /* HigherOrderFunctionTestVC.swift */ = {isa = PBXFileReference; lastKnownFileType = sourcecode.swift; path = HigherOrderFunctionTestVC.swift; sourceTree = "<group>"; };
		AD585A7C6750E3AC8C9D9583 /* Pods-TodayNews.release.xcconfig */ = {isa = PBXFileReference; includeInIndex = 1; lastKnownFileType = text.xcconfig; name = "Pods-TodayNews.release.xcconfig"; path = "Target Support Files/Pods-TodayNews/Pods-TodayNews.release.xcconfig"; sourceTree = "<group>"; };
		DF3EBC5FFC9CCA1711C8BB94 /* Pods-TodayNews.debug.xcconfig */ = {isa = PBXFileReference; includeInIndex = 1; lastKnownFileType = text.xcconfig; name = "Pods-TodayNews.debug.xcconfig"; path = "Target Support Files/Pods-TodayNews/Pods-TodayNews.debug.xcconfig"; sourceTree = "<group>"; };
/* End PBXFileReference section */

/* Begin PBXFrameworksBuildPhase section */
		96E01B7622D49A2E0050CCAF /* Frameworks */ = {
			isa = PBXFrameworksBuildPhase;
			buildActionMask = 2147483647;
			files = (
				EDA8E94D09E1C87C0A7935A5 /* Pods_TodayNews.framework in Frameworks */,
			);
			runOnlyForDeploymentPostprocessing = 0;
		};
/* End PBXFrameworksBuildPhase section */

/* Begin PBXGroup section */
		9443AABCBDA7236745548142 /* Pods */ = {
			isa = PBXGroup;
			children = (
				DF3EBC5FFC9CCA1711C8BB94 /* Pods-TodayNews.debug.xcconfig */,
				AD585A7C6750E3AC8C9D9583 /* Pods-TodayNews.release.xcconfig */,
			);
			path = Pods;
			sourceTree = "<group>";
		};
		96A1EE0A22D5BFFD0090A15E /* View */ = {
			isa = PBXGroup;
			children = (
				96A1EE0B22D5C01E0090A15E /* BaseTabBar.swift */,
			);
			path = View;
			sourceTree = "<group>";
		};
		96A1EE4922D5DB5A0090A15E /* Other */ = {
			isa = PBXGroup;
			children = (
				96A1EE4A22D5DB750090A15E /* Description.swift */,
				96A1EE4C22D5DBD40090A15E /* SwiftyJSONTestVC.swift */,
				968FCDE722D6DFA000B9033C /* HandyJSONTestVC.swift */,
				96FC151022DC9FDB00A37808 /* HigherOrderFunctionTestVC.swift */,
			);
			path = Other;
			sourceTree = "<group>";
		};
		96A1EE4E22D5DDF90090A15E /* Extension */ = {
			isa = PBXGroup;
			children = (
				96A1EE4F22D5DE1B0090A15E /* UIColor+Extension.swift */,
				96FC150C22DC55A700A37808 /* CellXib+Extension.swift */,
			);
			path = Extension;
			sourceTree = "<group>";
		};
		96E01B7022D49A2E0050CCAF = {
			isa = PBXGroup;
			children = (
				96E01B7B22D49A2E0050CCAF /* TodayNews */,
				96E01B7A22D49A2E0050CCAF /* Products */,
				9443AABCBDA7236745548142 /* Pods */,
				BC212865551855BB703D17C1 /* Frameworks */,
			);
			sourceTree = "<group>";
		};
		96E01B7A22D49A2E0050CCAF /* Products */ = {
			isa = PBXGroup;
			children = (
				96E01B7922D49A2E0050CCAF /* TodayNews.app */,
			);
			name = Products;
			sourceTree = "<group>";
		};
		96E01B7B22D49A2E0050CCAF /* TodayNews */ = {
			isa = PBXGroup;
			children = (
				96E01B7C22D49A2E0050CCAF /* AppDelegate.swift */,
				96E01B9222D4A1AA0050CCAF /* Core */,
				96E01B9322D4A1B70050CCAF /* Home */,
				96E01BA322D4A2B00050CCAF /* Mine */,
				96E01B9E22D4A2B00050CCAF /* ShortVideo */,
				96E01B9922D4A2B00050CCAF /* WatermelonVideo */,
				96A1EE4E22D5DDF90090A15E /* Extension */,
				96A1EE4922D5DB5A0090A15E /* Other */,
				96E01BAC22D4A2C00050CCAF /* Support files */,
			);
			path = TodayNews;
			sourceTree = "<group>";
		};
		96E01B9222D4A1AA0050CCAF /* Core */ = {
			isa = PBXGroup;
			children = (
				96A1EE0A22D5BFFD0090A15E /* View */,
				96E01BB322D4A3A20050CCAF /* BaseNavigationController.swift */,
				96E01BB522D4A3C00050CCAF /* BaseViewController.swift */,
				96E01BB722D4A3EC0050CCAF /* BaseTabBarController.swift */,
				9660809222D825B3000EEB1A /* NetworkTool.swift */,
				9605C69722DDD4490094294D /* SwiftTheme.swift */,
			);
			path = Core;
			sourceTree = "<group>";
		};
		96E01B9322D4A1B70050CCAF /* Home */ = {
			isa = PBXGroup;
			children = (
				96E01B9822D4A2A30050CCAF /* Model */,
				96E01B9722D4A2A30050CCAF /* View */,
				96E01B9422D4A1BE0050CCAF /* Controller */,
			);
			path = Home;
			sourceTree = "<group>";
		};
		96E01B9422D4A1BE0050CCAF /* Controller */ = {
			isa = PBXGroup;
			children = (
				96E01B9522D4A1D60050CCAF /* HomePageVC.swift */,
			);
			path = Controller;
			sourceTree = "<group>";
		};
		96E01B9722D4A2A30050CCAF /* View */ = {
			isa = PBXGroup;
			children = (
			);
			path = View;
			sourceTree = "<group>";
		};
		96E01B9822D4A2A30050CCAF /* Model */ = {
			isa = PBXGroup;
			children = (
			);
			path = Model;
			sourceTree = "<group>";
		};
		96E01B9922D4A2B00050CCAF /* WatermelonVideo */ = {
			isa = PBXGroup;
			children = (
				96E01B9A22D4A2B00050CCAF /* Controller */,
				96E01B9C22D4A2B00050CCAF /* Model */,
				96E01B9D22D4A2B00050CCAF /* View */,
			);
			path = WatermelonVideo;
			sourceTree = "<group>";
		};
		96E01B9A22D4A2B00050CCAF /* Controller */ = {
			isa = PBXGroup;
			children = (
				96E01BAD22D4A3130050CCAF /* WatermelonVideoVC.swift */,
			);
			path = Controller;
			sourceTree = "<group>";
		};
		96E01B9C22D4A2B00050CCAF /* Model */ = {
			isa = PBXGroup;
			children = (
			);
			path = Model;
			sourceTree = "<group>";
		};
		96E01B9D22D4A2B00050CCAF /* View */ = {
			isa = PBXGroup;
			children = (
			);
			path = View;
			sourceTree = "<group>";
		};
		96E01B9E22D4A2B00050CCAF /* ShortVideo */ = {
			isa = PBXGroup;
			children = (
				96E01B9F22D4A2B00050CCAF /* Controller */,
				96E01BA122D4A2B00050CCAF /* Model */,
				96E01BA222D4A2B00050CCAF /* View */,
			);
			path = ShortVideo;
			sourceTree = "<group>";
		};
		96E01B9F22D4A2B00050CCAF /* Controller */ = {
			isa = PBXGroup;
			children = (
				96E01BAF22D4A32D0050CCAF /* ShortVideoVC.swift */,
			);
			path = Controller;
			sourceTree = "<group>";
		};
		96E01BA122D4A2B00050CCAF /* Model */ = {
			isa = PBXGroup;
			children = (
			);
			path = Model;
			sourceTree = "<group>";
		};
		96E01BA222D4A2B00050CCAF /* View */ = {
			isa = PBXGroup;
			children = (
			);
			path = View;
			sourceTree = "<group>";
		};
		96E01BA322D4A2B00050CCAF /* Mine */ = {
			isa = PBXGroup;
			children = (
				96E01BA422D4A2B00050CCAF /* Controller */,
				96E01BA622D4A2B00050CCAF /* Model */,
				96FC14FF22DC11B700A37808 /* Storyboard */,
				96E01BA722D4A2B00050CCAF /* View */,
			);
			path = Mine;
			sourceTree = "<group>";
		};
		96E01BA422D4A2B00050CCAF /* Controller */ = {
			isa = PBXGroup;
			children = (
				96E01BB122D4A3450050CCAF /* MineVC.swift */,
			);
			path = Controller;
			sourceTree = "<group>";
		};
		96E01BA622D4A2B00050CCAF /* Model */ = {
			isa = PBXGroup;
			children = (
				9660809422D82BA4000EEB1A /* MyCellModel.swift */,
			);
			path = Model;
			sourceTree = "<group>";
		};
		96E01BA722D4A2B00050CCAF /* View */ = {
			isa = PBXGroup;
			children = (
				96FC150222DC18CD00A37808 /* MineTableViewCell.swift */,
				96FC150322DC18CD00A37808 /* MineTableViewCell.xib */,
				96FC150622DC298F00A37808 /* MineFirstTableViewCell.swift */,
				96FC150722DC298F00A37808 /* MineFirstTableViewCell.xib */,
				9605C68C22DD5FA00094294D /* MyConcernCollectionViewCell.swift */,
				9605C68D22DD5FA00094294D /* MyConcernCollectionViewCell.xib */,
				9605C69122DDA39F0094294D /* NoLoginHeaderView.swift */,
				9605C69322DDA3AA0094294D /* NoLoginHeaderView.xib */,
			);
			path = View;
			sourceTree = "<group>";
		};
		96E01BAC22D4A2C00050CCAF /* Support files */ = {
			isa = PBXGroup;
			children = (
				96E01B8022D49A2E0050CCAF /* Main.storyboard */,
				96E01B8322D49A2F0050CCAF /* Assets.xcassets */,
				96E01B8522D49A2F0050CCAF /* LaunchScreen.storyboard */,
				96E01B8822D49A2F0050CCAF /* Info.plist */,
				96E01B9022D49F710050CCAF /* MacroDefinition.swift */,
			);
			name = "Support files";
			sourceTree = "<group>";
		};
		96FC14FF22DC11B700A37808 /* Storyboard */ = {
			isa = PBXGroup;
			children = (
			);
			path = Storyboard;
			sourceTree = "<group>";
		};
		BC212865551855BB703D17C1 /* Frameworks */ = {
			isa = PBXGroup;
			children = (
				68DAD283770FCE5D687CDF6F /* Pods_TodayNews.framework */,
			);
			name = Frameworks;
			sourceTree = "<group>";
		};
/* End PBXGroup section */

/* Begin PBXNativeTarget section */
		96E01B7822D49A2E0050CCAF /* TodayNews */ = {
			isa = PBXNativeTarget;
			buildConfigurationList = 96E01B8B22D49A2F0050CCAF /* Build configuration list for PBXNativeTarget "TodayNews" */;
			buildPhases = (
				6E4B2E5676984A18F15FD735 /* [CP] Check Pods Manifest.lock */,
				96E01B7522D49A2E0050CCAF /* Sources */,
				96E01B7622D49A2E0050CCAF /* Frameworks */,
				96E01B7722D49A2E0050CCAF /* Resources */,
				7901DAC14F63AFADD6414271 /* [CP] Embed Pods Frameworks */,
				99D3609919C741C5ED89AAF4 /* [CP] Copy Pods Resources */,
			);
			buildRules = (
			);
			dependencies = (
			);
			name = TodayNews;
			productName = TodayNews;
			productReference = 96E01B7922D49A2E0050CCAF /* TodayNews.app */;
			productType = "com.apple.product-type.application";
		};
/* End PBXNativeTarget section */

/* Begin PBXProject section */
		96E01B7122D49A2E0050CCAF /* Project object */ = {
			isa = PBXProject;
			attributes = {
				LastSwiftUpdateCheck = 1020;
				LastUpgradeCheck = 1020;
				ORGANIZATIONNAME = chisalsoft;
				TargetAttributes = {
					96E01B7822D49A2E0050CCAF = {
						CreatedOnToolsVersion = 10.2.1;
					};
				};
			};
			buildConfigurationList = 96E01B7422D49A2E0050CCAF /* Build configuration list for PBXProject "TodayNews" */;
			compatibilityVersion = "Xcode 9.3";
			developmentRegion = en;
			hasScannedForEncodings = 0;
			knownRegions = (
				en,
				Base,
			);
			mainGroup = 96E01B7022D49A2E0050CCAF;
			productRefGroup = 96E01B7A22D49A2E0050CCAF /* Products */;
			projectDirPath = "";
			projectRoot = "";
			targets = (
				96E01B7822D49A2E0050CCAF /* TodayNews */,
			);
		};
/* End PBXProject section */

/* Begin PBXResourcesBuildPhase section */
		96E01B7722D49A2E0050CCAF /* Resources */ = {
			isa = PBXResourcesBuildPhase;
			buildActionMask = 2147483647;
			files = (
				96E01B8722D49A2F0050CCAF /* LaunchScreen.storyboard in Resources */,
				96E01B8422D49A2F0050CCAF /* Assets.xcassets in Resources */,
				96FC150522DC18CD00A37808 /* MineTableViewCell.xib in Resources */,
				9605C68F22DD5FA00094294D /* MyConcernCollectionViewCell.xib in Resources */,
				96FC150922DC298F00A37808 /* MineFirstTableViewCell.xib in Resources */,
				96E01B8222D49A2E0050CCAF /* Main.storyboard in Resources */,
				9605C69422DDA3AA0094294D /* NoLoginHeaderView.xib in Resources */,
			);
			runOnlyForDeploymentPostprocessing = 0;
		};
/* End PBXResourcesBuildPhase section */

/* Begin PBXShellScriptBuildPhase section */
		6E4B2E5676984A18F15FD735 /* [CP] Check Pods Manifest.lock */ = {
			isa = PBXShellScriptBuildPhase;
			buildActionMask = 2147483647;
			files = (
			);
			inputFileListPaths = (
			);
			inputPaths = (
				"${PODS_PODFILE_DIR_PATH}/Podfile.lock",
				"${PODS_ROOT}/Manifest.lock",
			);
			name = "[CP] Check Pods Manifest.lock";
			outputFileListPaths = (
			);
			outputPaths = (
				"$(DERIVED_FILE_DIR)/Pods-TodayNews-checkManifestLockResult.txt",
			);
			runOnlyForDeploymentPostprocessing = 0;
			shellPath = /bin/sh;
			shellScript = "diff \"${PODS_PODFILE_DIR_PATH}/Podfile.lock\" \"${PODS_ROOT}/Manifest.lock\" > /dev/null\nif [ $? != 0 ] ; then\n    # print error to STDERR\n    echo \"error: The sandbox is not in sync with the Podfile.lock. Run 'pod install' or update your CocoaPods installation.\" >&2\n    exit 1\nfi\n# This output is used by Xcode 'outputs' to avoid re-running this script phase.\necho \"SUCCESS\" > \"${SCRIPT_OUTPUT_FILE_0}\"\n";
			showEnvVarsInLog = 0;
		};
		7901DAC14F63AFADD6414271 /* [CP] Embed Pods Frameworks */ = {
			isa = PBXShellScriptBuildPhase;
			buildActionMask = 2147483647;
			files = (
			);
			inputFileListPaths = (
			);
			inputPaths = (
				"${PODS_ROOT}/Target Support Files/Pods-TodayNews/Pods-TodayNews-frameworks.sh",
				"${BUILT_PRODUCTS_DIR}/Alamofire/Alamofire.framework",
				"${BUILT_PRODUCTS_DIR}/EmptyDataSet-Swift/EmptyDataSet_Swift.framework",
				"${BUILT_PRODUCTS_DIR}/HandyJSON/HandyJSON.framework",
				"${BUILT_PRODUCTS_DIR}/IBAnimatable/IBAnimatable.framework",
				"${BUILT_PRODUCTS_DIR}/IQKeyboardManagerSwift/IQKeyboardManagerSwift.framework",
				"${BUILT_PRODUCTS_DIR}/Kingfisher/Kingfisher.framework",
				"${BUILT_PRODUCTS_DIR}/MBProgressHUD/MBProgressHUD.framework",
				"${BUILT_PRODUCTS_DIR}/MJRefresh/MJRefresh.framework",
				"${BUILT_PRODUCTS_DIR}/Moya/Moya.framework",
				"${BUILT_PRODUCTS_DIR}/Result/Result.framework",
				"${BUILT_PRODUCTS_DIR}/RxCocoa/RxCocoa.framework",
				"${BUILT_PRODUCTS_DIR}/RxRelay/RxRelay.framework",
				"${BUILT_PRODUCTS_DIR}/RxSwift/RxSwift.framework",
				"${BUILT_PRODUCTS_DIR}/SQLite.swift/SQLite.framework",
				"${BUILT_PRODUCTS_DIR}/SnapKit/SnapKit.framework",
				"${BUILT_PRODUCTS_DIR}/SwiftTheme/SwiftTheme.framework",
				"${BUILT_PRODUCTS_DIR}/SwiftyJSON/SwiftyJSON.framework",
			);
			name = "[CP] Embed Pods Frameworks";
			outputFileListPaths = (
			);
			outputPaths = (
				"${TARGET_BUILD_DIR}/${FRAMEWORKS_FOLDER_PATH}/Alamofire.framework",
				"${TARGET_BUILD_DIR}/${FRAMEWORKS_FOLDER_PATH}/EmptyDataSet_Swift.framework",
				"${TARGET_BUILD_DIR}/${FRAMEWORKS_FOLDER_PATH}/HandyJSON.framework",
				"${TARGET_BUILD_DIR}/${FRAMEWORKS_FOLDER_PATH}/IBAnimatable.framework",
				"${TARGET_BUILD_DIR}/${FRAMEWORKS_FOLDER_PATH}/IQKeyboardManagerSwift.framework",
				"${TARGET_BUILD_DIR}/${FRAMEWORKS_FOLDER_PATH}/Kingfisher.framework",
				"${TARGET_BUILD_DIR}/${FRAMEWORKS_FOLDER_PATH}/MBProgressHUD.framework",
				"${TARGET_BUILD_DIR}/${FRAMEWORKS_FOLDER_PATH}/MJRefresh.framework",
				"${TARGET_BUILD_DIR}/${FRAMEWORKS_FOLDER_PATH}/Moya.framework",
				"${TARGET_BUILD_DIR}/${FRAMEWORKS_FOLDER_PATH}/Result.framework",
				"${TARGET_BUILD_DIR}/${FRAMEWORKS_FOLDER_PATH}/RxCocoa.framework",
				"${TARGET_BUILD_DIR}/${FRAMEWORKS_FOLDER_PATH}/RxRelay.framework",
				"${TARGET_BUILD_DIR}/${FRAMEWORKS_FOLDER_PATH}/RxSwift.framework",
				"${TARGET_BUILD_DIR}/${FRAMEWORKS_FOLDER_PATH}/SQLite.framework",
				"${TARGET_BUILD_DIR}/${FRAMEWORKS_FOLDER_PATH}/SnapKit.framework",
				"${TARGET_BUILD_DIR}/${FRAMEWORKS_FOLDER_PATH}/SwiftTheme.framework",
				"${TARGET_BUILD_DIR}/${FRAMEWORKS_FOLDER_PATH}/SwiftyJSON.framework",
			);
			runOnlyForDeploymentPostprocessing = 0;
			shellPath = /bin/sh;
			shellScript = "\"${PODS_ROOT}/Target Support Files/Pods-TodayNews/Pods-TodayNews-frameworks.sh\"\n";
			showEnvVarsInLog = 0;
		};
		99D3609919C741C5ED89AAF4 /* [CP] Copy Pods Resources */ = {
			isa = PBXShellScriptBuildPhase;
			buildActionMask = 2147483647;
			files = (
			);
			inputFileListPaths = (
			);
			inputPaths = (
				"${PODS_ROOT}/Target Support Files/Pods-TodayNews/Pods-TodayNews-resources.sh",
				"${PODS_ROOT}/mob_sharesdk/ShareSDK/Support/Required/ShareSDK.bundle",
				"${PODS_ROOT}/mob_sharesdk/ShareSDK/Support/PlatformSDK/SinaWeiboSDK/WeiboSDK.bundle",
			);
			name = "[CP] Copy Pods Resources";
			outputFileListPaths = (
			);
			outputPaths = (
				"${TARGET_BUILD_DIR}/${UNLOCALIZED_RESOURCES_FOLDER_PATH}/ShareSDK.bundle",
				"${TARGET_BUILD_DIR}/${UNLOCALIZED_RESOURCES_FOLDER_PATH}/WeiboSDK.bundle",
			);
			runOnlyForDeploymentPostprocessing = 0;
			shellPath = /bin/sh;
			shellScript = "\"${PODS_ROOT}/Target Support Files/Pods-TodayNews/Pods-TodayNews-resources.sh\"\n";
			showEnvVarsInLog = 0;
		};
/* End PBXShellScriptBuildPhase section */

/* Begin PBXSourcesBuildPhase section */
		96E01B7522D49A2E0050CCAF /* Sources */ = {
			isa = PBXSourcesBuildPhase;
			buildActionMask = 2147483647;
			files = (
				96FC151122DC9FDB00A37808 /* HigherOrderFunctionTestVC.swift in Sources */,
				96FC150422DC18CD00A37808 /* MineTableViewCell.swift in Sources */,
				96A1EE4B22D5DB750090A15E /* Description.swift in Sources */,
				968FCDE822D6DFA000B9033C /* HandyJSONTestVC.swift in Sources */,
				96E01BB422D4A3A20050CCAF /* BaseNavigationController.swift in Sources */,
				9660809522D82BA4000EEB1A /* MyCellModel.swift in Sources */,
				9605C69222DDA39F0094294D /* NoLoginHeaderView.swift in Sources */,
				96E01BAE22D4A3130050CCAF /* WatermelonVideoVC.swift in Sources */,
				9660809322D825B3000EEB1A /* NetworkTool.swift in Sources */,
				96A1EE0C22D5C01E0090A15E /* BaseTabBar.swift in Sources */,
				9605C69822DDD4490094294D /* SwiftTheme.swift in Sources */,
				96E01BB822D4A3EC0050CCAF /* BaseTabBarController.swift in Sources */,
				96FC150822DC298F00A37808 /* MineFirstTableViewCell.swift in Sources */,
				96A1EE4D22D5DBD40090A15E /* SwiftyJSONTestVC.swift in Sources */,
				96E01BB222D4A3450050CCAF /* MineVC.swift in Sources */,
				96A1EE5022D5DE1B0090A15E /* UIColor+Extension.swift in Sources */,
				96E01B9122D49F710050CCAF /* MacroDefinition.swift in Sources */,
				96E01BB622D4A3C00050CCAF /* BaseViewController.swift in Sources */,
				96E01BB022D4A32D0050CCAF /* ShortVideoVC.swift in Sources */,
				96FC150D22DC55A700A37808 /* CellXib+Extension.swift in Sources */,
				96E01B9622D4A1D60050CCAF /* HomePageVC.swift in Sources */,
				96E01B7D22D49A2E0050CCAF /* AppDelegate.swift in Sources */,
				9605C68E22DD5FA00094294D /* MyConcernCollectionViewCell.swift in Sources */,
			);
			runOnlyForDeploymentPostprocessing = 0;
		};
/* End PBXSourcesBuildPhase section */

/* Begin PBXVariantGroup section */
		96E01B8022D49A2E0050CCAF /* Main.storyboard */ = {
			isa = PBXVariantGroup;
			children = (
				96E01B8122D49A2E0050CCAF /* Base */,
			);
			name = Main.storyboard;
			sourceTree = "<group>";
		};
		96E01B8522D49A2F0050CCAF /* LaunchScreen.storyboard */ = {
			isa = PBXVariantGroup;
			children = (
				96E01B8622D49A2F0050CCAF /* Base */,
			);
			name = LaunchScreen.storyboard;
			sourceTree = "<group>";
		};
/* End PBXVariantGroup section */

/* Begin XCBuildConfiguration section */
		96E01B8922D49A2F0050CCAF /* Debug */ = {
			isa = XCBuildConfiguration;
			buildSettings = {
				ALWAYS_SEARCH_USER_PATHS = NO;
				CLANG_ANALYZER_NONNULL = YES;
				CLANG_ANALYZER_NUMBER_OBJECT_CONVERSION = YES_AGGRESSIVE;
				CLANG_CXX_LANGUAGE_STANDARD = "gnu++14";
				CLANG_CXX_LIBRARY = "libc++";
				CLANG_ENABLE_MODULES = YES;
				CLANG_ENABLE_OBJC_ARC = YES;
				CLANG_ENABLE_OBJC_WEAK = YES;
				CLANG_WARN_BLOCK_CAPTURE_AUTORELEASING = YES;
				CLANG_WARN_BOOL_CONVERSION = YES;
				CLANG_WARN_COMMA = YES;
				CLANG_WARN_CONSTANT_CONVERSION = YES;
				CLANG_WARN_DEPRECATED_OBJC_IMPLEMENTATIONS = YES;
				CLANG_WARN_DIRECT_OBJC_ISA_USAGE = YES_ERROR;
				CLANG_WARN_DOCUMENTATION_COMMENTS = YES;
				CLANG_WARN_EMPTY_BODY = YES;
				CLANG_WARN_ENUM_CONVERSION = YES;
				CLANG_WARN_INFINITE_RECURSION = YES;
				CLANG_WARN_INT_CONVERSION = YES;
				CLANG_WARN_NON_LITERAL_NULL_CONVERSION = YES;
				CLANG_WARN_OBJC_IMPLICIT_RETAIN_SELF = YES;
				CLANG_WARN_OBJC_LITERAL_CONVERSION = YES;
				CLANG_WARN_OBJC_ROOT_CLASS = YES_ERROR;
				CLANG_WARN_RANGE_LOOP_ANALYSIS = YES;
				CLANG_WARN_STRICT_PROTOTYPES = YES;
				CLANG_WARN_SUSPICIOUS_MOVE = YES;
				CLANG_WARN_UNGUARDED_AVAILABILITY = YES_AGGRESSIVE;
				CLANG_WARN_UNREACHABLE_CODE = YES;
				CLANG_WARN__DUPLICATE_METHOD_MATCH = YES;
				CODE_SIGN_IDENTITY = "iPhone Developer";
				COPY_PHASE_STRIP = NO;
				DEBUG_INFORMATION_FORMAT = dwarf;
				ENABLE_STRICT_OBJC_MSGSEND = YES;
				ENABLE_TESTABILITY = YES;
				GCC_C_LANGUAGE_STANDARD = gnu11;
				GCC_DYNAMIC_NO_PIC = NO;
				GCC_NO_COMMON_BLOCKS = YES;
				GCC_OPTIMIZATION_LEVEL = 0;
				GCC_PREPROCESSOR_DEFINITIONS = (
					"DEBUG=1",
					"$(inherited)",
				);
				GCC_WARN_64_TO_32_BIT_CONVERSION = YES;
				GCC_WARN_ABOUT_RETURN_TYPE = YES_ERROR;
				GCC_WARN_UNDECLARED_SELECTOR = YES;
				GCC_WARN_UNINITIALIZED_AUTOS = YES_AGGRESSIVE;
				GCC_WARN_UNUSED_FUNCTION = YES;
				GCC_WARN_UNUSED_VARIABLE = YES;
				IPHONEOS_DEPLOYMENT_TARGET = 12.2;
				MTL_ENABLE_DEBUG_INFO = INCLUDE_SOURCE;
				MTL_FAST_MATH = YES;
				ONLY_ACTIVE_ARCH = YES;
				SDKROOT = iphoneos;
				SWIFT_ACTIVE_COMPILATION_CONDITIONS = DEBUG;
				SWIFT_OPTIMIZATION_LEVEL = "-Onone";
			};
			name = Debug;
		};
		96E01B8A22D49A2F0050CCAF /* Release */ = {
			isa = XCBuildConfiguration;
			buildSettings = {
				ALWAYS_SEARCH_USER_PATHS = NO;
				CLANG_ANALYZER_NONNULL = YES;
				CLANG_ANALYZER_NUMBER_OBJECT_CONVERSION = YES_AGGRESSIVE;
				CLANG_CXX_LANGUAGE_STANDARD = "gnu++14";
				CLANG_CXX_LIBRARY = "libc++";
				CLANG_ENABLE_MODULES = YES;
				CLANG_ENABLE_OBJC_ARC = YES;
				CLANG_ENABLE_OBJC_WEAK = YES;
				CLANG_WARN_BLOCK_CAPTURE_AUTORELEASING = YES;
				CLANG_WARN_BOOL_CONVERSION = YES;
				CLANG_WARN_COMMA = YES;
				CLANG_WARN_CONSTANT_CONVERSION = YES;
				CLANG_WARN_DEPRECATED_OBJC_IMPLEMENTATIONS = YES;
				CLANG_WARN_DIRECT_OBJC_ISA_USAGE = YES_ERROR;
				CLANG_WARN_DOCUMENTATION_COMMENTS = YES;
				CLANG_WARN_EMPTY_BODY = YES;
				CLANG_WARN_ENUM_CONVERSION = YES;
				CLANG_WARN_INFINITE_RECURSION = YES;
				CLANG_WARN_INT_CONVERSION = YES;
				CLANG_WARN_NON_LITERAL_NULL_CONVERSION = YES;
				CLANG_WARN_OBJC_IMPLICIT_RETAIN_SELF = YES;
				CLANG_WARN_OBJC_LITERAL_CONVERSION = YES;
				CLANG_WARN_OBJC_ROOT_CLASS = YES_ERROR;
				CLANG_WARN_RANGE_LOOP_ANALYSIS = YES;
				CLANG_WARN_STRICT_PROTOTYPES = YES;
				CLANG_WARN_SUSPICIOUS_MOVE = YES;
				CLANG_WARN_UNGUARDED_AVAILABILITY = YES_AGGRESSIVE;
				CLANG_WARN_UNREACHABLE_CODE = YES;
				CLANG_WARN__DUPLICATE_METHOD_MATCH = YES;
				CODE_SIGN_IDENTITY = "iPhone Developer";
				COPY_PHASE_STRIP = NO;
				DEBUG_INFORMATION_FORMAT = "dwarf-with-dsym";
				ENABLE_NS_ASSERTIONS = NO;
				ENABLE_STRICT_OBJC_MSGSEND = YES;
				GCC_C_LANGUAGE_STANDARD = gnu11;
				GCC_NO_COMMON_BLOCKS = YES;
				GCC_WARN_64_TO_32_BIT_CONVERSION = YES;
				GCC_WARN_ABOUT_RETURN_TYPE = YES_ERROR;
				GCC_WARN_UNDECLARED_SELECTOR = YES;
				GCC_WARN_UNINITIALIZED_AUTOS = YES_AGGRESSIVE;
				GCC_WARN_UNUSED_FUNCTION = YES;
				GCC_WARN_UNUSED_VARIABLE = YES;
				IPHONEOS_DEPLOYMENT_TARGET = 12.2;
				MTL_ENABLE_DEBUG_INFO = NO;
				MTL_FAST_MATH = YES;
				SDKROOT = iphoneos;
				SWIFT_COMPILATION_MODE = wholemodule;
				SWIFT_OPTIMIZATION_LEVEL = "-O";
				VALIDATE_PRODUCT = YES;
			};
			name = Release;
		};
		96E01B8C22D49A2F0050CCAF /* Debug */ = {
			isa = XCBuildConfiguration;
			baseConfigurationReference = DF3EBC5FFC9CCA1711C8BB94 /* Pods-TodayNews.debug.xcconfig */;
			buildSettings = {
				ASSETCATALOG_COMPILER_APPICON_NAME = AppIcon;
				ASSETCATALOG_COMPILER_LAUNCHIMAGE_NAME = LaunchImage;
				CODE_SIGN_STYLE = Automatic;
				DEVELOPMENT_TEAM = SEV7474484;
				INFOPLIST_FILE = TodayNews/Info.plist;
				IPHONEOS_DEPLOYMENT_TARGET = 9.0;
				LD_RUNPATH_SEARCH_PATHS = (
					"$(inherited)",
					"@executable_path/Frameworks",
				);
				"OTHER_SWIFT_FLAGS[arch=*]" = "-D DEBUG";
				PRODUCT_BUNDLE_IDENTIFIER = com.chisalsoft.TodayNews;
				PRODUCT_NAME = "$(TARGET_NAME)";
				SWIFT_VERSION = 5.0;
				TARGETED_DEVICE_FAMILY = 1;
			};
			name = Debug;
		};
		96E01B8D22D49A2F0050CCAF /* Release */ = {
			isa = XCBuildConfiguration;
			baseConfigurationReference = AD585A7C6750E3AC8C9D9583 /* Pods-TodayNews.release.xcconfig */;
			buildSettings = {
				ASSETCATALOG_COMPILER_APPICON_NAME = AppIcon;
				ASSETCATALOG_COMPILER_LAUNCHIMAGE_NAME = LaunchImage;
				CODE_SIGN_STYLE = Automatic;
				DEVELOPMENT_TEAM = SEV7474484;
				INFOPLIST_FILE = TodayNews/Info.plist;
				IPHONEOS_DEPLOYMENT_TARGET = 9.0;
				LD_RUNPATH_SEARCH_PATHS = (
					"$(inherited)",
					"@executable_path/Frameworks",
				);
				PRODUCT_BUNDLE_IDENTIFIER = com.chisalsoft.TodayNews;
				PRODUCT_NAME = "$(TARGET_NAME)";
				SWIFT_VERSION = 5.0;
				TARGETED_DEVICE_FAMILY = 1;
			};
			name = Release;
		};
/* End XCBuildConfiguration section */

/* Begin XCConfigurationList section */
		96E01B7422D49A2E0050CCAF /* Build configuration list for PBXProject "TodayNews" */ = {
			isa = XCConfigurationList;
			buildConfigurations = (
				96E01B8922D49A2F0050CCAF /* Debug */,
				96E01B8A22D49A2F0050CCAF /* Release */,
			);
			defaultConfigurationIsVisible = 0;
			defaultConfigurationName = Release;
		};
		96E01B8B22D49A2F0050CCAF /* Build configuration list for PBXNativeTarget "TodayNews" */ = {
			isa = XCConfigurationList;
			buildConfigurations = (
				96E01B8C22D49A2F0050CCAF /* Debug */,
				96E01B8D22D49A2F0050CCAF /* Release */,
			);
			defaultConfigurationIsVisible = 0;
			defaultConfigurationName = Release;
		};
/* End XCConfigurationList section */
	};
	rootObject = 96E01B7122D49A2E0050CCAF /* Project object */;
}
